
Microsoft Visual Studio Solution File, Format Version 12.00
# Visual Studio 15
VisualStudioVersion = 15.0.26430.16
MinimumVisualStudioVersion = 10.0.40219.1
Project("{FAE04EC0-301F-11D3-BF4B-00C04F79EFBC}") = "LineCircleTangents", "LineCircleTangents.csproj", "{7E249F18-394C-4E60-9687-A0A8D1A920BA}"
EndProject
Global
	GlobalSection(SolutionConfigurationPlatforms) = preSolution
		Debug|Any CPU = Debug|Any CPU
		Release|Any CPU = Release|Any CPU
	EndGlobalSection
	GlobalSection(ProjectConfigurationPlatforms) = postSolution
		{7E249F18-394C-4E60-9687-A0A8D1A920BA}.Debug|Any CPU.ActiveCfg = Debug|Any CPU
		{7E249F18-394C-4E60-9687-A0A8D1A920BA}.Debug|Any CPU.Build.0 = Debug|Any CPU
		{7E249F18-394C-4E60-9687-A0A8D1A920BA}.Release|Any CPU.ActiveCfg = Release|Any CPU
		{7E249F18-394C-4E60-9687-A0A8D1A920BA}.Release|Any CPU.Build.0 = Release|Any CPU
	EndGlobalSection
	GlobalSection(SolutionProperties) = preSolution
		HideSolutionNode = FALSE
	EndGlobalSection
EndGlobal
