
Microsoft Visual Studio Solution File, Format Version 12.00
# Visual Studio 15
VisualStudioVersion = 15.0.26430.16
MinimumVisualStudioVersion = 10.0.40219.1
Project("{FAE04EC0-301F-11D3-BF4B-00C04F79EFBC}") = "RandomPasswords", "RandomPasswords.csproj", "{6436A0C8-A52E-4B36-962A-31BB041AAADE}"
EndProject
Global
	GlobalSection(SolutionConfigurationPlatforms) = preSolution
		Debug|Any CPU = Debug|Any CPU
		Release|Any CPU = Release|Any CPU
	EndGlobalSection
	GlobalSection(ProjectConfigurationPlatforms) = postSolution
		{6436A0C8-A52E-4B36-962A-31BB041AAADE}.Debug|Any CPU.ActiveCfg = Debug|Any CPU
		{6436A0C8-A52E-4B36-962A-31BB041AAADE}.Debug|Any CPU.Build.0 = Debug|Any CPU
		{6436A0C8-A52E-4B36-962A-31BB041AAADE}.Release|Any CPU.ActiveCfg = Release|Any CPU
		{6436A0C8-A52E-4B36-962A-31BB041AAADE}.Release|Any CPU.Build.0 = Release|Any CPU
	EndGlobalSection
	GlobalSection(SolutionProperties) = preSolution
		HideSolutionNode = FALSE
	EndGlobalSection
EndGlobal
