
Microsoft Visual Studio Solution File, Format Version 12.00
# Visual Studio 15
VisualStudioVersion = 15.0.26430.16
MinimumVisualStudioVersion = 10.0.40219.1
Project("{FAE04EC0-301F-11D3-BF4B-00C04F79EFBC}") = "FindPrimes", "FindPrimes.csproj", "{D4FCEE29-9BEF-48B6-A43F-139D9CF5FF31}"
EndProject
Global
	GlobalSection(SolutionConfigurationPlatforms) = preSolution
		Debug|Any CPU = Debug|Any CPU
		Release|Any CPU = Release|Any CPU
	EndGlobalSection
	GlobalSection(ProjectConfigurationPlatforms) = postSolution
		{D4FCEE29-9BEF-48B6-A43F-139D9CF5FF31}.Debug|Any CPU.ActiveCfg = Debug|Any CPU
		{D4FCEE29-9BEF-48B6-A43F-139D9CF5FF31}.Debug|Any CPU.Build.0 = Debug|Any CPU
		{D4FCEE29-9BEF-48B6-A43F-139D9CF5FF31}.Release|Any CPU.ActiveCfg = Release|Any CPU
		{D4FCEE29-9BEF-48B6-A43F-139D9CF5FF31}.Release|Any CPU.Build.0 = Release|Any CPU
	EndGlobalSection
	GlobalSection(SolutionProperties) = preSolution
		HideSolutionNode = FALSE
	EndGlobalSection
EndGlobal
