
Microsoft Visual Studio Solution File, Format Version 12.00
# Visual Studio 15
VisualStudioVersion = 15.0.26430.16
MinimumVisualStudioVersion = 10.0.40219.1
Project("{FAE04EC0-301F-11D3-BF4B-00C04F79EFBC}") = "HailstoneSequenceRedux", "HailstoneSequenceRedux.csproj", "{A8A53FDA-264D-4CA2-9BDF-FD916CF935FD}"
EndProject
Global
	GlobalSection(SolutionConfigurationPlatforms) = preSolution
		Debug|Any CPU = Debug|Any CPU
		Release|Any CPU = Release|Any CPU
	EndGlobalSection
	GlobalSection(ProjectConfigurationPlatforms) = postSolution
		{A8A53FDA-264D-4CA2-9BDF-FD916CF935FD}.Debug|Any CPU.ActiveCfg = Debug|Any CPU
		{A8A53FDA-264D-4CA2-9BDF-FD916CF935FD}.Debug|Any CPU.Build.0 = Debug|Any CPU
		{A8A53FDA-264D-4CA2-9BDF-FD916CF935FD}.Release|Any CPU.ActiveCfg = Release|Any CPU
		{A8A53FDA-264D-4CA2-9BDF-FD916CF935FD}.Release|Any CPU.Build.0 = Release|Any CPU
	EndGlobalSection
	GlobalSection(SolutionProperties) = preSolution
		HideSolutionNode = FALSE
	EndGlobalSection
EndGlobal
