
Microsoft Visual Studio Solution File, Format Version 12.00
# Visual Studio 15
VisualStudioVersion = 15.0.26430.16
MinimumVisualStudioVersion = 10.0.40219.1
Project("{FAE04EC0-301F-11D3-BF4B-00C04F79EFBC}") = "ProperDivisors", "ProperDivisors.csproj", "{F92BDA16-38A4-42F0-B2FB-CB50D74E599E}"
EndProject
Global
	GlobalSection(SolutionConfigurationPlatforms) = preSolution
		Debug|Any CPU = Debug|Any CPU
		Release|Any CPU = Release|Any CPU
	EndGlobalSection
	GlobalSection(ProjectConfigurationPlatforms) = postSolution
		{F92BDA16-38A4-42F0-B2FB-CB50D74E599E}.Debug|Any CPU.ActiveCfg = Debug|Any CPU
		{F92BDA16-38A4-42F0-B2FB-CB50D74E599E}.Debug|Any CPU.Build.0 = Debug|Any CPU
		{F92BDA16-38A4-42F0-B2FB-CB50D74E599E}.Release|Any CPU.ActiveCfg = Release|Any CPU
		{F92BDA16-38A4-42F0-B2FB-CB50D74E599E}.Release|Any CPU.Build.0 = Release|Any CPU
	EndGlobalSection
	GlobalSection(SolutionProperties) = preSolution
		HideSolutionNode = FALSE
	EndGlobalSection
EndGlobal
